
Microsoft Visual Studio Solution File, Format Version 12.00
# Visual Studio 14
VisualStudioVersion = 14.0.25420.1
MinimumVisualStudioVersion = 10.0.40219.1
Project("{FAE04EC0-301F-11D3-BF4B-00C04F79EFBC}") = "GameStop.Web", "GameStop.Web\GameStop.Web.csproj", "{0ECF2CE0-1049-4FB9-A32D-AB321C9A9359}"
EndProject
Project("{FAE04EC0-301F-11D3-BF4B-00C04F79EFBC}") = "GameStop.WebAdmin", "GameStop.WebAdmin\GameStop.WebAdmin.csproj", "{9D448EE0-D96E-4F54-98E3-683B61412E07}"
EndProject
Project("{FAE04EC0-301F-11D3-BF4B-00C04F79EFBC}") = "GameStop.Win", "GameStop.Win\GameStop.Win.csproj", "{2171BE60-81BB-4E42-A590-E4C5D0B10F02}"
EndProject
Project("{FAE04EC0-301F-11D3-BF4B-00C04F79EFBC}") = "GameStop.BL", "GameStop.BL\GameStop.BL.csproj", "{CE35F884-D8BC-41BA-9AB5-896531ECB59F}"
EndProject
Global
	GlobalSection(SolutionConfigurationPlatforms) = preSolution
		Debug|Any CPU = Debug|Any CPU
		Release|Any CPU = Release|Any CPU
	EndGlobalSection
	GlobalSection(ProjectConfigurationPlatforms) = postSolution
		{0ECF2CE0-1049-4FB9-A32D-AB321C9A9359}.Debug|Any CPU.ActiveCfg = Debug|Any CPU
		{0ECF2CE0-1049-4FB9-A32D-AB321C9A9359}.Debug|Any CPU.Build.0 = Debug|Any CPU
		{0ECF2CE0-1049-4FB9-A32D-AB321C9A9359}.Release|Any CPU.ActiveCfg = Release|Any CPU
		{0ECF2CE0-1049-4FB9-A32D-AB321C9A9359}.Release|Any CPU.Build.0 = Release|Any CPU
		{9D448EE0-D96E-4F54-98E3-683B61412E07}.Debug|Any CPU.ActiveCfg = Debug|Any CPU
		{9D448EE0-D96E-4F54-98E3-683B61412E07}.Debug|Any CPU.Build.0 = Debug|Any CPU
		{9D448EE0-D96E-4F54-98E3-683B61412E07}.Release|Any CPU.ActiveCfg = Release|Any CPU
		{9D448EE0-D96E-4F54-98E3-683B61412E07}.Release|Any CPU.Build.0 = Release|Any CPU
		{2171BE60-81BB-4E42-A590-E4C5D0B10F02}.Debug|Any CPU.ActiveCfg = Debug|Any CPU
		{2171BE60-81BB-4E42-A590-E4C5D0B10F02}.Debug|Any CPU.Build.0 = Debug|Any CPU
		{2171BE60-81BB-4E42-A590-E4C5D0B10F02}.Release|Any CPU.ActiveCfg = Release|Any CPU
		{2171BE60-81BB-4E42-A590-E4C5D0B10F02}.Release|Any CPU.Build.0 = Release|Any CPU
		{CE35F884-D8BC-41BA-9AB5-896531ECB59F}.Debug|Any CPU.ActiveCfg = Debug|Any CPU
		{CE35F884-D8BC-41BA-9AB5-896531ECB59F}.Debug|Any CPU.Build.0 = Debug|Any CPU
		{CE35F884-D8BC-41BA-9AB5-896531ECB59F}.Release|Any CPU.ActiveCfg = Release|Any CPU
		{CE35F884-D8BC-41BA-9AB5-896531ECB59F}.Release|Any CPU.Build.0 = Release|Any CPU
	EndGlobalSection
	GlobalSection(SolutionProperties) = preSolution
		HideSolutionNode = FALSE
	EndGlobalSection
EndGlobal
